# This file is automatically @generated by Poetry and should not be changed by hand.

[[package]]
name = "django"
version = "2.2.12"
description = "A high-level Python Web framework that encourages rapid development and clean, pragmatic design."
category = "main"
optional = false
python-versions = ">=3.5"
files = [
    {file = "Django-2.2.12-py3-none-any.whl", hash = "sha256:6ecd229e1815d4fc5240fc98f1cca78c41e7a8cd3e3f2eefadc4735031077916"},
    {file = "Django-2.2.12.tar.gz", hash = "sha256:69897097095f336d5aeef45b4103dceae51c00afa6d3ae198a2a18e519791b7a"},
]

[package.dependencies]
pytz = "*"
sqlparse = "*"

[package.extras]
argon2 = ["argon2-cffi (>=16.1.0)"]
bcrypt = ["bcrypt"]

[[package]]
name = "pytz"
version = "2020.1"
description = "World timezone definitions, modern and historical"
category = "main"
optional = false
python-versions = "*"
files = [
    {file = "pytz-2020.1-py2.py3-none-any.whl", hash = "sha256:a494d53b6d39c3c6e44c3bec237336e14305e4f29bbf800b599253057fbb79ed"},
    {file = "pytz-2020.1.tar.gz", hash = "sha256:c35965d010ce31b23eeb663ed3cc8c906275d6be1a34393a1d73a41febf4a048"},
]

[[package]]
name = "sqlparse"
version = "0.4.4"
description = "A non-validating SQL parser."
category = "main"
optional = false
python-versions = ">=3.5"
files = [
    {file = "sqlparse-0.4.4-py3-none-any.whl", hash = "sha256:5430a4fe2ac7d0f93e66f1efc6e1338a41884b7ddf2a350cedd20ccc4d9d28f3"},
    {file = "sqlparse-0.4.4.tar.gz", hash = "sha256:d446183e84b8349fa3061f0fe7f06ca94ba65b426946ffebe6e3e8295332420c"},
]

[package.extras]
dev = ["build", "flake8"]
doc = ["sphinx"]
test = ["pytest", "pytest-cov"]

[metadata]
lock-version = "2.0"
python-versions = "^3.8"
content-hash = "362e4d869ca6daba73d26ed13cfce388944f5d30af5c182aa9873f764d45c7d0"
